// !$*UTF8*$!
{
	archiveVersion = 1;
	classes = {
	};
	objectVersion = 50;
	objects = {

/* Begin PBXBuildFile section */
		8224820A2423BD4400CD749B /* Home.swift in Sources */ = {isa = PBXBuildFile; fileRef = 822482092423BD4400CD749B /* Home.swift */; };
		8224820C2423BF7800CD749B /* CategoryRow.swift in Sources */ = {isa = PBXBuildFile; fileRef = 8224820B2423BF7800CD749B /* CategoryRow.swift */; };
		823695D224306D96005CBF9A /* PageViewController.swift in Sources */ = {isa = PBXBuildFile; fileRef = 823695D124306D96005CBF9A /* PageViewController.swift */; };
		823695D4243070DC005CBF9A /* PageView.swift in Sources */ = {isa = PBXBuildFile; fileRef = 823695D3243070DC005CBF9A /* PageView.swift */; };
		823695D62430739D005CBF9A /* FeatureCard.swift in Sources */ = {isa = PBXBuildFile; fileRef = 823695D52430739D005CBF9A /* FeatureCard.swift */; };
		823695D824307C51005CBF9A /* PageControl.swift in Sources */ = {isa = PBXBuildFile; fileRef = 823695D724307C51005CBF9A /* PageControl.swift */; };
		824B6A0424376CD6009EF0FB /* AppDelegate.swift in Sources */ = {isa = PBXBuildFile; fileRef = 824B6A0324376CD6009EF0FB /* AppDelegate.swift */; };
		824B6A0624376CD6009EF0FB /* ContentView.swift in Sources */ = {isa = PBXBuildFile; fileRef = 824B6A0524376CD6009EF0FB /* ContentView.swift */; };
		824B6A0824376CD7009EF0FB /* Assets.xcassets in Resources */ = {isa = PBXBuildFile; fileRef = 824B6A0724376CD7009EF0FB /* Assets.xcassets */; };
		824B6A0B24376CD7009EF0FB /* Preview Assets.xcassets in Resources */ = {isa = PBXBuildFile; fileRef = 824B6A0A24376CD7009EF0FB /* Preview Assets.xcassets */; };
		824B6A0E24376CD7009EF0FB /* Main.storyboard in Resources */ = {isa = PBXBuildFile; fileRef = 824B6A0C24376CD7009EF0FB /* Main.storyboard */; };
		824B6A1424376D1A009EF0FB /* chilkoottrail.jpg in Resources */ = {isa = PBXBuildFile; fileRef = 8293F4E123C9F31F006C1D17 /* chilkoottrail.jpg */; };
		824B6A1524376D1A009EF0FB /* chincoteague.jpg in Resources */ = {isa = PBXBuildFile; fileRef = 8293F4DE23C9F31F006C1D17 /* chincoteague.jpg */; };
		824B6A1624376D1A009EF0FB /* hiddenlake.jpg in Resources */ = {isa = PBXBuildFile; fileRef = 8293F4DF23C9F31F006C1D17 /* hiddenlake.jpg */; };
		824B6A1724376D1A009EF0FB /* icybay.jpg in Resources */ = {isa = PBXBuildFile; fileRef = 8293F4D523C9F31E006C1D17 /* icybay.jpg */; };
		824B6A1824376D1A009EF0FB /* lakemcdonald.jpg in Resources */ = {isa = PBXBuildFile; fileRef = 8293F4D823C9F31E006C1D17 /* lakemcdonald.jpg */; };
		824B6A1924376D1A009EF0FB /* hikeData.json in Resources */ = {isa = PBXBuildFile; fileRef = 8266A06C24167B3200D3C682 /* hikeData.json */; };
		824B6A1A24376D1A009EF0FB /* landmarkData.json in Resources */ = {isa = PBXBuildFile; fileRef = 8293F4DB23C9F31F006C1D17 /* landmarkData.json */; };
		824B6A1B24376D1A009EF0FB /* charleyrivers.jpg in Resources */ = {isa = PBXBuildFile; fileRef = 8293F4F223CA212E006C1D17 /* charleyrivers.jpg */; };
		824B6A1C24376D1A009EF0FB /* rainbowlake.jpg in Resources */ = {isa = PBXBuildFile; fileRef = 8293F4E023C9F31F006C1D17 /* rainbowlake.jpg */; };
		824B6A1D24376D1A009EF0FB /* silversalmoncreek.jpg in Resources */ = {isa = PBXBuildFile; fileRef = 8293F4DC23C9F31F006C1D17 /* silversalmoncreek.jpg */; };
		824B6A1E24376D1A009EF0FB /* stmarylake.jpg in Resources */ = {isa = PBXBuildFile; fileRef = 8293F4DD23C9F31F006C1D17 /* stmarylake.jpg */; };
		824B6A1F24376D1A009EF0FB /* turtlerock.jpg in Resources */ = {isa = PBXBuildFile; fileRef = 8293F4D923C9F31F006C1D17 /* turtlerock.jpg */; };
		824B6A2024376D1A009EF0FB /* twinlake.jpg in Resources */ = {isa = PBXBuildFile; fileRef = 8293F4D723C9F31E006C1D17 /* twinlake.jpg */; };
		824B6A2124376D1A009EF0FB /* umbagog.jpg in Resources */ = {isa = PBXBuildFile; fileRef = 8293F4D623C9F31E006C1D17 /* umbagog.jpg */; };
		824B6A2224376D1A009EF0FB /* yukon_charleyrivers.jpg in Resources */ = {isa = PBXBuildFile; fileRef = 8293F4DA23C9F31F006C1D17 /* yukon_charleyrivers.jpg */; };
		824B6A2324376D1A009EF0FB /* Data.swift in Sources */ = {isa = PBXBuildFile; fileRef = 8293F4CB23C9F23B006C1D17 /* Data.swift */; };
		824B6A2424376D1A009EF0FB /* Landmark.swift in Sources */ = {isa = PBXBuildFile; fileRef = 8293F4CD23C9F25F006C1D17 /* Landmark.swift */; };
		824B6A2524376D1A009EF0FB /* UserData.swift in Sources */ = {isa = PBXBuildFile; fileRef = 8293F4F423CA2319006C1D17 /* UserData.swift */; };
		824B6A2624376D1A009EF0FB /* Hike.swift in Sources */ = {isa = PBXBuildFile; fileRef = 8266A06A24167A8900D3C682 /* Hike.swift */; };
		824B6A2724376D1A009EF0FB /* Profile.swift in Sources */ = {isa = PBXBuildFile; fileRef = 82C85C1824274674000E5A31 /* Profile.swift */; };
		824B6A2924376D4E009EF0FB /* LandmarkRow.swift in Sources */ = {isa = PBXBuildFile; fileRef = 824B6A2824376D4E009EF0FB /* LandmarkRow.swift */; };
		824B6A2B24377922009EF0FB /* LandmarkList.swift in Sources */ = {isa = PBXBuildFile; fileRef = 824B6A2A24377922009EF0FB /* LandmarkList.swift */; };
		824B6A2D243779E3009EF0FB /* Filter.swift in Sources */ = {isa = PBXBuildFile; fileRef = 824B6A2C243779E3009EF0FB /* Filter.swift */; };
		824B6A2F24377C8B009EF0FB /* NavigationMaster.swift in Sources */ = {isa = PBXBuildFile; fileRef = 824B6A2E24377C8B009EF0FB /* NavigationMaster.swift */; };
		824B6A3024377D7D009EF0FB /* CircleImage.swift in Sources */ = {isa = PBXBuildFile; fileRef = 8293F4D123C9F2A9006C1D17 /* CircleImage.swift */; };
		824B6A3124377DA8009EF0FB /* MapView.swift in Sources */ = {isa = PBXBuildFile; fileRef = 8293F4D323C9F2BA006C1D17 /* MapView.swift */; };
		824B6A3324377EAB009EF0FB /* NavigationDetail.swift in Sources */ = {isa = PBXBuildFile; fileRef = 824B6A3224377EAB009EF0FB /* NavigationDetail.swift */; };
		8254141424151B4E005C3453 /* BadgeBackground.swift in Sources */ = {isa = PBXBuildFile; fileRef = 8254141324151B4E005C3453 /* BadgeBackground.swift */; };
		8254141624151BA5005C3453 /* BadgeSymbol.swift in Sources */ = {isa = PBXBuildFile; fileRef = 8254141524151BA5005C3453 /* BadgeSymbol.swift */; };
		8254141824151BBD005C3453 /* RotatedBadgeSymbol.swift in Sources */ = {isa = PBXBuildFile; fileRef = 8254141724151BBD005C3453 /* RotatedBadgeSymbol.swift */; };
		8266A06924167A4600D3C682 /* HikeView.swift in Sources */ = {isa = PBXBuildFile; fileRef = 8266A06824167A4600D3C682 /* HikeView.swift */; };
		8266A06B24167A8900D3C682 /* Hike.swift in Sources */ = {isa = PBXBuildFile; fileRef = 8266A06A24167A8900D3C682 /* Hike.swift */; };
		8266A06D24167B3200D3C682 /* hikeData.json in Resources */ = {isa = PBXBuildFile; fileRef = 8266A06C24167B3200D3C682 /* hikeData.json */; };
		8266A06F24167B6500D3C682 /* HikeGraph.swift in Sources */ = {isa = PBXBuildFile; fileRef = 8266A06E24167B6500D3C682 /* HikeGraph.swift */; };
		8266A07124167D0800D3C682 /* HikeDetail.swift in Sources */ = {isa = PBXBuildFile; fileRef = 8266A07024167D0800D3C682 /* HikeDetail.swift */; };
		8266A073241680B900D3C682 /* GraphCapsule.swift in Sources */ = {isa = PBXBuildFile; fileRef = 8266A072241680B900D3C682 /* GraphCapsule.swift */; };
		8287F85F2435E6A8004D5600 /* Interface.storyboard in Resources */ = {isa = PBXBuildFile; fileRef = 8287F85D2435E6A8004D5600 /* Interface.storyboard */; };
		8287F8612435E6AC004D5600 /* Assets.xcassets in Resources */ = {isa = PBXBuildFile; fileRef = 8287F8602435E6AC004D5600 /* Assets.xcassets */; };
		8287F8682435E6AC004D5600 /* WatchLandmark Extension.appex in Embed App Extensions */ = {isa = PBXBuildFile; fileRef = 8287F8672435E6AC004D5600 /* WatchLandmark Extension.appex */; settings = {ATTRIBUTES = (RemoveHeadersOnCopy, ); }; };
		8287F86D2435E6AC004D5600 /* ContentView.swift in Sources */ = {isa = PBXBuildFile; fileRef = 8287F86C2435E6AC004D5600 /* ContentView.swift */; };
		8287F86F2435E6AC004D5600 /* HostingController.swift in Sources */ = {isa = PBXBuildFile; fileRef = 8287F86E2435E6AC004D5600 /* HostingController.swift */; };
		8287F8712435E6AC004D5600 /* ExtensionDelegate.swift in Sources */ = {isa = PBXBuildFile; fileRef = 8287F8702435E6AC004D5600 /* ExtensionDelegate.swift */; };
		8287F8732435E6AC004D5600 /* NotificationController.swift in Sources */ = {isa = PBXBuildFile; fileRef = 8287F8722435E6AC004D5600 /* NotificationController.swift */; };
		8287F8752435E6AC004D5600 /* NotificationView.swift in Sources */ = {isa = PBXBuildFile; fileRef = 8287F8742435E6AC004D5600 /* NotificationView.swift */; };
		8287F8772435E6AC004D5600 /* Assets.xcassets in Resources */ = {isa = PBXBuildFile; fileRef = 8287F8762435E6AC004D5600 /* Assets.xcassets */; };
		8287F87A2435E6AC004D5600 /* Preview Assets.xcassets in Resources */ = {isa = PBXBuildFile; fileRef = 8287F8792435E6AC004D5600 /* Preview Assets.xcassets */; };
		8287F87F2435E6AC004D5600 /* WatchLandmark.app in Embed Watch Content */ = {isa = PBXBuildFile; fileRef = 8287F85B2435E6A8004D5600 /* WatchLandmark.app */; settings = {ATTRIBUTES = (RemoveHeadersOnCopy, ); }; };
		8287F8892435E885004D5600 /* WatchLandmarkDetail.swift in Sources */ = {isa = PBXBuildFile; fileRef = 8287F8882435E885004D5600 /* WatchLandmarkDetail.swift */; };
		8287F88A2435E944004D5600 /* CircleImage.swift in Sources */ = {isa = PBXBuildFile; fileRef = 8293F4D123C9F2A9006C1D17 /* CircleImage.swift */; };
		8287F88B2435E944004D5600 /* LandmarkRow.swift in Sources */ = {isa = PBXBuildFile; fileRef = 8293F4CF23C9F288006C1D17 /* LandmarkRow.swift */; };
		8287F88C2435E944004D5600 /* Data.swift in Sources */ = {isa = PBXBuildFile; fileRef = 8293F4CB23C9F23B006C1D17 /* Data.swift */; };
		8287F88D2435E944004D5600 /* Landmark.swift in Sources */ = {isa = PBXBuildFile; fileRef = 8293F4CD23C9F25F006C1D17 /* Landmark.swift */; };
		8287F88E2435E944004D5600 /* UserData.swift in Sources */ = {isa = PBXBuildFile; fileRef = 8293F4F423CA2319006C1D17 /* UserData.swift */; };
		8287F88F2435E944004D5600 /* Hike.swift in Sources */ = {isa = PBXBuildFile; fileRef = 8266A06A24167A8900D3C682 /* Hike.swift */; };
		8287F8902435E944004D5600 /* Profile.swift in Sources */ = {isa = PBXBuildFile; fileRef = 82C85C1824274674000E5A31 /* Profile.swift */; };
		8287F8912435E983004D5600 /* Assets.xcassets in Resources */ = {isa = PBXBuildFile; fileRef = 8293F4B923C9F1C5006C1D17 /* Assets.xcassets */; };
		8287F8922435E999004D5600 /* chilkoottrail.jpg in Resources */ = {isa = PBXBuildFile; fileRef = 8293F4E123C9F31F006C1D17 /* chilkoottrail.jpg */; };
		8287F8932435E999004D5600 /* chincoteague.jpg in Resources */ = {isa = PBXBuildFile; fileRef = 8293F4DE23C9F31F006C1D17 /* chincoteague.jpg */; };
		8287F8942435E999004D5600 /* hiddenlake.jpg in Resources */ = {isa = PBXBuildFile; fileRef = 8293F4DF23C9F31F006C1D17 /* hiddenlake.jpg */; };
		8287F8952435E999004D5600 /* icybay.jpg in Resources */ = {isa = PBXBuildFile; fileRef = 8293F4D523C9F31E006C1D17 /* icybay.jpg */; };
		8287F8962435E999004D5600 /* lakemcdonald.jpg in Resources */ = {isa = PBXBuildFile; fileRef = 8293F4D823C9F31E006C1D17 /* lakemcdonald.jpg */; };
		8287F8972435E999004D5600 /* hikeData.json in Resources */ = {isa = PBXBuildFile; fileRef = 8266A06C24167B3200D3C682 /* hikeData.json */; };
		8287F8982435E999004D5600 /* landmarkData.json in Resources */ = {isa = PBXBuildFile; fileRef = 8293F4DB23C9F31F006C1D17 /* landmarkData.json */; };
		8287F8992435E999004D5600 /* charleyrivers.jpg in Resources */ = {isa = PBXBuildFile; fileRef = 8293F4F223CA212E006C1D17 /* charleyrivers.jpg */; };
		8287F89A2435E999004D5600 /* rainbowlake.jpg in Resources */ = {isa = PBXBuildFile; fileRef = 8293F4E023C9F31F006C1D17 /* rainbowlake.jpg */; };
		8287F89B2435E999004D5600 /* silversalmoncreek.jpg in Resources */ = {isa = PBXBuildFile; fileRef = 8293F4DC23C9F31F006C1D17 /* silversalmoncreek.jpg */; };
		8287F89C2435E999004D5600 /* stmarylake.jpg in Resources */ = {isa = PBXBuildFile; fileRef = 8293F4DD23C9F31F006C1D17 /* stmarylake.jpg */; };
		8287F89D2435E999004D5600 /* turtlerock.jpg in Resources */ = {isa = PBXBuildFile; fileRef = 8293F4D923C9F31F006C1D17 /* turtlerock.jpg */; };
		8287F89E2435E999004D5600 /* twinlake.jpg in Resources */ = {isa = PBXBuildFile; fileRef = 8293F4D723C9F31E006C1D17 /* twinlake.jpg */; };
		8287F89F2435E999004D5600 /* umbagog.jpg in Resources */ = {isa = PBXBuildFile; fileRef = 8293F4D623C9F31E006C1D17 /* umbagog.jpg */; };
		8287F8A02435E999004D5600 /* yukon_charleyrivers.jpg in Resources */ = {isa = PBXBuildFile; fileRef = 8293F4DA23C9F31F006C1D17 /* yukon_charleyrivers.jpg */; };
		8287F8A22435EAF9004D5600 /* WatchMapView.swift in Sources */ = {isa = PBXBuildFile; fileRef = 8287F8A12435EAF9004D5600 /* WatchMapView.swift */; };
		8287F8A32435EF01004D5600 /* LandmarkList.swift in Sources */ = {isa = PBXBuildFile; fileRef = 8293F4EF23C9FDD7006C1D17 /* LandmarkList.swift */; };
		8293F4B423C9F1C4006C1D17 /* AppDelegate.swift in Sources */ = {isa = PBXBuildFile; fileRef = 8293F4B323C9F1C4006C1D17 /* AppDelegate.swift */; };
		8293F4B623C9F1C4006C1D17 /* SceneDelegate.swift in Sources */ = {isa = PBXBuildFile; fileRef = 8293F4B523C9F1C4006C1D17 /* SceneDelegate.swift */; };
		8293F4B823C9F1C4006C1D17 /* LandmarkDetail.swift in Sources */ = {isa = PBXBuildFile; fileRef = 8293F4B723C9F1C4006C1D17 /* LandmarkDetail.swift */; };
		8293F4BA23C9F1C5006C1D17 /* Assets.xcassets in Resources */ = {isa = PBXBuildFile; fileRef = 8293F4B923C9F1C5006C1D17 /* Assets.xcassets */; };
		8293F4BD23C9F1C5006C1D17 /* Preview Assets.xcassets in Resources */ = {isa = PBXBuildFile; fileRef = 8293F4BC23C9F1C5006C1D17 /* Preview Assets.xcassets */; };
		8293F4C023C9F1C5006C1D17 /* LaunchScreen.storyboard in Resources */ = {isa = PBXBuildFile; fileRef = 8293F4BE23C9F1C5006C1D17 /* LaunchScreen.storyboard */; };
		8293F4CC23C9F23B006C1D17 /* Data.swift in Sources */ = {isa = PBXBuildFile; fileRef = 8293F4CB23C9F23B006C1D17 /* Data.swift */; };
		8293F4CE23C9F25F006C1D17 /* Landmark.swift in Sources */ = {isa = PBXBuildFile; fileRef = 8293F4CD23C9F25F006C1D17 /* Landmark.swift */; };
		8293F4D023C9F288006C1D17 /* LandmarkRow.swift in Sources */ = {isa = PBXBuildFile; fileRef = 8293F4CF23C9F288006C1D17 /* LandmarkRow.swift */; };
		8293F4D223C9F2A9006C1D17 /* CircleImage.swift in Sources */ = {isa = PBXBuildFile; fileRef = 8293F4D123C9F2A9006C1D17 /* CircleImage.swift */; };
		8293F4D423C9F2BA006C1D17 /* MapView.swift in Sources */ = {isa = PBXBuildFile; fileRef = 8293F4D323C9F2BA006C1D17 /* MapView.swift */; };
		8293F4E223C9F31F006C1D17 /* icybay.jpg in Resources */ = {isa = PBXBuildFile; fileRef = 8293F4D523C9F31E006C1D17 /* icybay.jpg */; };
		8293F4E323C9F31F006C1D17 /* umbagog.jpg in Resources */ = {isa = PBXBuildFile; fileRef = 8293F4D623C9F31E006C1D17 /* umbagog.jpg */; };
		8293F4E423C9F31F006C1D17 /* twinlake.jpg in Resources */ = {isa = PBXBuildFile; fileRef = 8293F4D723C9F31E006C1D17 /* twinlake.jpg */; };
		8293F4E523C9F31F006C1D17 /* lakemcdonald.jpg in Resources */ = {isa = PBXBuildFile; fileRef = 8293F4D823C9F31E006C1D17 /* lakemcdonald.jpg */; };
		8293F4E623C9F31F006C1D17 /* turtlerock.jpg in Resources */ = {isa = PBXBuildFile; fileRef = 8293F4D923C9F31F006C1D17 /* turtlerock.jpg */; };
		8293F4E723C9F31F006C1D17 /* yukon_charleyrivers.jpg in Resources */ = {isa = PBXBuildFile; fileRef = 8293F4DA23C9F31F006C1D17 /* yukon_charleyrivers.jpg */; };
		8293F4E823C9F31F006C1D17 /* landmarkData.json in Resources */ = {isa = PBXBuildFile; fileRef = 8293F4DB23C9F31F006C1D17 /* landmarkData.json */; };
		8293F4E923C9F31F006C1D17 /* silversalmoncreek.jpg in Resources */ = {isa = PBXBuildFile; fileRef = 8293F4DC23C9F31F006C1D17 /* silversalmoncreek.jpg */; };
		8293F4EA23C9F31F006C1D17 /* stmarylake.jpg in Resources */ = {isa = PBXBuildFile; fileRef = 8293F4DD23C9F31F006C1D17 /* stmarylake.jpg */; };
		8293F4EB23C9F31F006C1D17 /* chincoteague.jpg in Resources */ = {isa = PBXBuildFile; fileRef = 8293F4DE23C9F31F006C1D17 /* chincoteague.jpg */; };
		8293F4EC23C9F31F006C1D17 /* hiddenlake.jpg in Resources */ = {isa = PBXBuildFile; fileRef = 8293F4DF23C9F31F006C1D17 /* hiddenlake.jpg */; };
		8293F4ED23C9F31F006C1D17 /* rainbowlake.jpg in Resources */ = {isa = PBXBuildFile; fileRef = 8293F4E023C9F31F006C1D17 /* rainbowlake.jpg */; };
		8293F4EE23C9F31F006C1D17 /* chilkoottrail.jpg in Resources */ = {isa = PBXBuildFile; fileRef = 8293F4E123C9F31F006C1D17 /* chilkoottrail.jpg */; };
		8293F4F023C9FDD7006C1D17 /* LandmarkList.swift in Sources */ = {isa = PBXBuildFile; fileRef = 8293F4EF23C9FDD7006C1D17 /* LandmarkList.swift */; };
		8293F4F323CA212F006C1D17 /* charleyrivers.jpg in Resources */ = {isa = PBXBuildFile; fileRef = 8293F4F223CA212E006C1D17 /* charleyrivers.jpg */; };
		8293F4F523CA2319006C1D17 /* UserData.swift in Sources */ = {isa = PBXBuildFile; fileRef = 8293F4F423CA2319006C1D17 /* UserData.swift */; };
		82A9FD322415094F006AA806 /* Badge.swift in Sources */ = {isa = PBXBuildFile; fileRef = 82A9FD312415094F006AA806 /* Badge.swift */; };
		82A9FD342415098D006AA806 /* HexagonParameters.swift in Sources */ = {isa = PBXBuildFile; fileRef = 82A9FD332415098D006AA806 /* HexagonParameters.swift */; };
		82C85C1724274583000E5A31 /* ProfileHost.swift in Sources */ = {isa = PBXBuildFile; fileRef = 82C85C1624274583000E5A31 /* ProfileHost.swift */; };
		82C85C1924274674000E5A31 /* Profile.swift in Sources */ = {isa = PBXBuildFile; fileRef = 82C85C1824274674000E5A31 /* Profile.swift */; };
		82C85C1B242746FC000E5A31 /* ProfileSummary.swift in Sources */ = {isa = PBXBuildFile; fileRef = 82C85C1A242746FC000E5A31 /* ProfileSummary.swift */; };
		82C85C1D2427497A000E5A31 /* HikeBadge.swift in Sources */ = {isa = PBXBuildFile; fileRef = 82C85C1C2427497A000E5A31 /* HikeBadge.swift */; };
		82C85C1F24274F54000E5A31 /* ProfileEditor.swift in Sources */ = {isa = PBXBuildFile; fileRef = 82C85C1E24274F54000E5A31 /* ProfileEditor.swift */; };
/* End PBXBuildFile section */

/* Begin PBXContainerItemProxy section */
		8287F8692435E6AC004D5600 /* PBXContainerItemProxy */ = {
			isa = PBXContainerItemProxy;
			containerPortal = 8293F4A823C9F1C4006C1D17 /* Project object */;
			proxyType = 1;
			remoteGlobalIDString = 8287F8662435E6AC004D5600;
			remoteInfo = "WatchLandmark Extension";
		};
		8287F87D2435E6AC004D5600 /* PBXContainerItemProxy */ = {
			isa = PBXContainerItemProxy;
			containerPortal = 8293F4A823C9F1C4006C1D17 /* Project object */;
			proxyType = 1;
			remoteGlobalIDString = 8287F85A2435E6A8004D5600;
			remoteInfo = WatchLandmark;
		};
/* End PBXContainerItemProxy section */

/* Begin PBXCopyFilesBuildPhase section */
		8287F8802435E6AC004D5600 /* Embed Watch Content */ = {
			isa = PBXCopyFilesBuildPhase;
			buildActionMask = 2147483647;
			dstPath = "$(CONTENTS_FOLDER_PATH)/Watch";
			dstSubfolderSpec = 16;
			files = (
				8287F87F2435E6AC004D5600 /* WatchLandmark.app in Embed Watch Content */,
			);
			name = "Embed Watch Content";
			runOnlyForDeploymentPostprocessing = 0;
		};
		8287F8832435E6AC004D5600 /* Embed App Extensions */ = {
			isa = PBXCopyFilesBuildPhase;
			buildActionMask = 2147483647;
			dstPath = "";
			dstSubfolderSpec = 13;
			files = (
				8287F8682435E6AC004D5600 /* WatchLandmark Extension.appex in Embed App Extensions */,
			);
			name = "Embed App Extensions";
			runOnlyForDeploymentPostprocessing = 0;
		};
/* End PBXCopyFilesBuildPhase section */

/* Begin PBXFileReference section */
		822482092423BD4400CD749B /* Home.swift */ = {isa = PBXFileReference; lastKnownFileType = sourcecode.swift; path = Home.swift; sourceTree = "<group>"; };
		8224820B2423BF7800CD749B /* CategoryRow.swift */ = {isa = PBXFileReference; lastKnownFileType = sourcecode.swift; path = CategoryRow.swift; sourceTree = "<group>"; };
		823695D124306D96005CBF9A /* PageViewController.swift */ = {isa = PBXFileReference; lastKnownFileType = sourcecode.swift; path = PageViewController.swift; sourceTree = "<group>"; };
		823695D3243070DC005CBF9A /* PageView.swift */ = {isa = PBXFileReference; lastKnownFileType = sourcecode.swift; path = PageView.swift; sourceTree = "<group>"; };
		823695D52430739D005CBF9A /* FeatureCard.swift */ = {isa = PBXFileReference; lastKnownFileType = sourcecode.swift; path = FeatureCard.swift; sourceTree = "<group>"; };
		823695D724307C51005CBF9A /* PageControl.swift */ = {isa = PBXFileReference; lastKnownFileType = sourcecode.swift; path = PageControl.swift; sourceTree = "<group>"; };
		824B6A0124376CD6009EF0FB /* MacLandmarks.app */ = {isa = PBXFileReference; explicitFileType = wrapper.application; includeInIndex = 0; path = MacLandmarks.app; sourceTree = BUILT_PRODUCTS_DIR; };
		824B6A0324376CD6009EF0FB /* AppDelegate.swift */ = {isa = PBXFileReference; lastKnownFileType = sourcecode.swift; path = AppDelegate.swift; sourceTree = "<group>"; };
		824B6A0524376CD6009EF0FB /* ContentView.swift */ = {isa = PBXFileReference; lastKnownFileType = sourcecode.swift; path = ContentView.swift; sourceTree = "<group>"; };
		824B6A0724376CD7009EF0FB /* Assets.xcassets */ = {isa = PBXFileReference; lastKnownFileType = folder.assetcatalog; path = Assets.xcassets; sourceTree = "<group>"; };
		824B6A0A24376CD7009EF0FB /* Preview Assets.xcassets */ = {isa = PBXFileReference; lastKnownFileType = folder.assetcatalog; path = "Preview Assets.xcassets"; sourceTree = "<group>"; };
		824B6A0D24376CD7009EF0FB /* Base */ = {isa = PBXFileReference; lastKnownFileType = file.storyboard; name = Base; path = Base.lproj/Main.storyboard; sourceTree = "<group>"; };
		824B6A0F24376CD7009EF0FB /* Info.plist */ = {isa = PBXFileReference; lastKnownFileType = text.plist.xml; path = Info.plist; sourceTree = "<group>"; };
		824B6A1024376CD7009EF0FB /* MacLandmarks.entitlements */ = {isa = PBXFileReference; lastKnownFileType = text.plist.entitlements; path = MacLandmarks.entitlements; sourceTree = "<group>"; };
		824B6A2824376D4E009EF0FB /* LandmarkRow.swift */ = {isa = PBXFileReference; lastKnownFileType = sourcecode.swift; path = LandmarkRow.swift; sourceTree = "<group>"; };
		824B6A2A24377922009EF0FB /* LandmarkList.swift */ = {isa = PBXFileReference; lastKnownFileType = sourcecode.swift; path = LandmarkList.swift; sourceTree = "<group>"; };
		824B6A2C243779E3009EF0FB /* Filter.swift */ = {isa = PBXFileReference; lastKnownFileType = sourcecode.swift; path = Filter.swift; sourceTree = "<group>"; };
		824B6A2E24377C8B009EF0FB /* NavigationMaster.swift */ = {isa = PBXFileReference; lastKnownFileType = sourcecode.swift; path = NavigationMaster.swift; sourceTree = "<group>"; };
		824B6A3224377EAB009EF0FB /* NavigationDetail.swift */ = {isa = PBXFileReference; lastKnownFileType = sourcecode.swift; path = NavigationDetail.swift; sourceTree = "<group>"; };
		8254141324151B4E005C3453 /* BadgeBackground.swift */ = {isa = PBXFileReference; lastKnownFileType = sourcecode.swift; path = BadgeBackground.swift; sourceTree = "<group>"; };
		8254141524151BA5005C3453 /* BadgeSymbol.swift */ = {isa = PBXFileReference; lastKnownFileType = sourcecode.swift; path = BadgeSymbol.swift; sourceTree = "<group>"; };
		8254141724151BBD005C3453 /* RotatedBadgeSymbol.swift */ = {isa = PBXFileReference; lastKnownFileType = sourcecode.swift; path = RotatedBadgeSymbol.swift; sourceTree = "<group>"; };
		8266A06824167A4600D3C682 /* HikeView.swift */ = {isa = PBXFileReference; lastKnownFileType = sourcecode.swift; path = HikeView.swift; sourceTree = "<group>"; };
		8266A06A24167A8900D3C682 /* Hike.swift */ = {isa = PBXFileReference; lastKnownFileType = sourcecode.swift; path = Hike.swift; sourceTree = "<group>"; };
		8266A06C24167B3200D3C682 /* hikeData.json */ = {isa = PBXFileReference; fileEncoding = 4; lastKnownFileType = text.json; path = hikeData.json; sourceTree = "<group>"; };
		8266A06E24167B6500D3C682 /* HikeGraph.swift */ = {isa = PBXFileReference; lastKnownFileType = sourcecode.swift; path = HikeGraph.swift; sourceTree = "<group>"; };
		8266A07024167D0800D3C682 /* HikeDetail.swift */ = {isa = PBXFileReference; lastKnownFileType = sourcecode.swift; path = HikeDetail.swift; sourceTree = "<group>"; };
		8266A072241680B900D3C682 /* GraphCapsule.swift */ = {isa = PBXFileReference; lastKnownFileType = sourcecode.swift; path = GraphCapsule.swift; sourceTree = "<group>"; };
		8287F85B2435E6A8004D5600 /* WatchLandmark.app */ = {isa = PBXFileReference; explicitFileType = wrapper.application; includeInIndex = 0; path = WatchLandmark.app; sourceTree = BUILT_PRODUCTS_DIR; };
		8287F85E2435E6A8004D5600 /* Base */ = {isa = PBXFileReference; lastKnownFileType = file.storyboard; name = Base; path = Base.lproj/Interface.storyboard; sourceTree = "<group>"; };
		8287F8602435E6AC004D5600 /* Assets.xcassets */ = {isa = PBXFileReference; lastKnownFileType = folder.assetcatalog; path = Assets.xcassets; sourceTree = "<group>"; };
		8287F8622435E6AC004D5600 /* Info.plist */ = {isa = PBXFileReference; lastKnownFileType = text.plist.xml; path = Info.plist; sourceTree = "<group>"; };
		8287F8672435E6AC004D5600 /* WatchLandmark Extension.appex */ = {isa = PBXFileReference; explicitFileType = "wrapper.app-extension"; includeInIndex = 0; path = "WatchLandmark Extension.appex"; sourceTree = BUILT_PRODUCTS_DIR; };
		8287F86C2435E6AC004D5600 /* ContentView.swift */ = {isa = PBXFileReference; lastKnownFileType = sourcecode.swift; path = ContentView.swift; sourceTree = "<group>"; };
		8287F86E2435E6AC004D5600 /* HostingController.swift */ = {isa = PBXFileReference; lastKnownFileType = sourcecode.swift; path = HostingController.swift; sourceTree = "<group>"; };
		8287F8702435E6AC004D5600 /* ExtensionDelegate.swift */ = {isa = PBXFileReference; lastKnownFileType = sourcecode.swift; path = ExtensionDelegate.swift; sourceTree = "<group>"; };
		8287F8722435E6AC004D5600 /* NotificationController.swift */ = {isa = PBXFileReference; lastKnownFileType = sourcecode.swift; path = NotificationController.swift; sourceTree = "<group>"; };
		8287F8742435E6AC004D5600 /* NotificationView.swift */ = {isa = PBXFileReference; lastKnownFileType = sourcecode.swift; path = NotificationView.swift; sourceTree = "<group>"; };
		8287F8762435E6AC004D5600 /* Assets.xcassets */ = {isa = PBXFileReference; lastKnownFileType = folder.assetcatalog; path = Assets.xcassets; sourceTree = "<group>"; };
		8287F8792435E6AC004D5600 /* Preview Assets.xcassets */ = {isa = PBXFileReference; lastKnownFileType = folder.assetcatalog; path = "Preview Assets.xcassets"; sourceTree = "<group>"; };
		8287F87B2435E6AC004D5600 /* Info.plist */ = {isa = PBXFileReference; lastKnownFileType = text.plist.xml; path = Info.plist; sourceTree = "<group>"; };
		8287F87C2435E6AC004D5600 /* PushNotificationPayload.apns */ = {isa = PBXFileReference; lastKnownFileType = text; path = PushNotificationPayload.apns; sourceTree = "<group>"; };
		8287F8882435E885004D5600 /* WatchLandmarkDetail.swift */ = {isa = PBXFileReference; lastKnownFileType = sourcecode.swift; path = WatchLandmarkDetail.swift; sourceTree = "<group>"; };
		8287F8A12435EAF9004D5600 /* WatchMapView.swift */ = {isa = PBXFileReference; lastKnownFileType = sourcecode.swift; path = WatchMapView.swift; sourceTree = "<group>"; };
		8293F4B023C9F1C4006C1D17 /* Tutorials.app */ = {isa = PBXFileReference; explicitFileType = wrapper.application; includeInIndex = 0; path = Tutorials.app; sourceTree = BUILT_PRODUCTS_DIR; };
		8293F4B323C9F1C4006C1D17 /* AppDelegate.swift */ = {isa = PBXFileReference; lastKnownFileType = sourcecode.swift; path = AppDelegate.swift; sourceTree = "<group>"; };
		8293F4B523C9F1C4006C1D17 /* SceneDelegate.swift */ = {isa = PBXFileReference; lastKnownFileType = sourcecode.swift; path = SceneDelegate.swift; sourceTree = "<group>"; };
		8293F4B723C9F1C4006C1D17 /* LandmarkDetail.swift */ = {isa = PBXFileReference; lastKnownFileType = sourcecode.swift; path = LandmarkDetail.swift; sourceTree = "<group>"; };
		8293F4B923C9F1C5006C1D17 /* Assets.xcassets */ = {isa = PBXFileReference; lastKnownFileType = folder.assetcatalog; path = Assets.xcassets; sourceTree = "<group>"; };
		8293F4BC23C9F1C5006C1D17 /* Preview Assets.xcassets */ = {isa = PBXFileReference; lastKnownFileType = folder.assetcatalog; path = "Preview Assets.xcassets"; sourceTree = "<group>"; };
		8293F4BF23C9F1C5006C1D17 /* Base */ = {isa = PBXFileReference; lastKnownFileType = file.storyboard; name = Base; path = Base.lproj/LaunchScreen.storyboard; sourceTree = "<group>"; };
		8293F4C123C9F1C5006C1D17 /* Info.plist */ = {isa = PBXFileReference; lastKnownFileType = text.plist.xml; path = Info.plist; sourceTree = "<group>"; };
		8293F4CB23C9F23B006C1D17 /* Data.swift */ = {isa = PBXFileReference; lastKnownFileType = sourcecode.swift; path = Data.swift; sourceTree = "<group>"; };
		8293F4CD23C9F25F006C1D17 /* Landmark.swift */ = {isa = PBXFileReference; lastKnownFileType = sourcecode.swift; path = Landmark.swift; sourceTree = "<group>"; };
		8293F4CF23C9F288006C1D17 /* LandmarkRow.swift */ = {isa = PBXFileReference; lastKnownFileType = sourcecode.swift; path = LandmarkRow.swift; sourceTree = "<group>"; };
		8293F4D123C9F2A9006C1D17 /* CircleImage.swift */ = {isa = PBXFileReference; lastKnownFileType = sourcecode.swift; path = CircleImage.swift; sourceTree = "<group>"; };
		8293F4D323C9F2BA006C1D17 /* MapView.swift */ = {isa = PBXFileReference; lastKnownFileType = sourcecode.swift; path = MapView.swift; sourceTree = "<group>"; };
		8293F4D523C9F31E006C1D17 /* icybay.jpg */ = {isa = PBXFileReference; lastKnownFileType = image.jpeg; path = icybay.jpg; sourceTree = "<group>"; };
		8293F4D623C9F31E006C1D17 /* umbagog.jpg */ = {isa = PBXFileReference; lastKnownFileType = image.jpeg; path = umbagog.jpg; sourceTree = "<group>"; };
		8293F4D723C9F31E006C1D17 /* twinlake.jpg */ = {isa = PBXFileReference; lastKnownFileType = image.jpeg; path = twinlake.jpg; sourceTree = "<group>"; };
		8293F4D823C9F31E006C1D17 /* lakemcdonald.jpg */ = {isa = PBXFileReference; lastKnownFileType = image.jpeg; path = lakemcdonald.jpg; sourceTree = "<group>"; };
		8293F4D923C9F31F006C1D17 /* turtlerock.jpg */ = {isa = PBXFileReference; lastKnownFileType = image.jpeg; path = turtlerock.jpg; sourceTree = "<group>"; };
		8293F4DA23C9F31F006C1D17 /* yukon_charleyrivers.jpg */ = {isa = PBXFileReference; lastKnownFileType = image.jpeg; path = yukon_charleyrivers.jpg; sourceTree = "<group>"; };
		8293F4DB23C9F31F006C1D17 /* landmarkData.json */ = {isa = PBXFileReference; fileEncoding = 4; lastKnownFileType = text.json; path = landmarkData.json; sourceTree = "<group>"; };
		8293F4DC23C9F31F006C1D17 /* silversalmoncreek.jpg */ = {isa = PBXFileReference; lastKnownFileType = image.jpeg; path = silversalmoncreek.jpg; sourceTree = "<group>"; };
		8293F4DD23C9F31F006C1D17 /* stmarylake.jpg */ = {isa = PBXFileReference; lastKnownFileType = image.jpeg; path = stmarylake.jpg; sourceTree = "<group>"; };
		8293F4DE23C9F31F006C1D17 /* chincoteague.jpg */ = {isa = PBXFileReference; lastKnownFileType = image.jpeg; path = chincoteague.jpg; sourceTree = "<group>"; };
		8293F4DF23C9F31F006C1D17 /* hiddenlake.jpg */ = {isa = PBXFileReference; lastKnownFileType = image.jpeg; path = hiddenlake.jpg; sourceTree = "<group>"; };
		8293F4E023C9F31F006C1D17 /* rainbowlake.jpg */ = {isa = PBXFileReference; lastKnownFileType = image.jpeg; path = rainbowlake.jpg; sourceTree = "<group>"; };
		8293F4E123C9F31F006C1D17 /* chilkoottrail.jpg */ = {isa = PBXFileReference; lastKnownFileType = image.jpeg; path = chilkoottrail.jpg; sourceTree = "<group>"; };
		8293F4EF23C9FDD7006C1D17 /* LandmarkList.swift */ = {isa = PBXFileReference; lastKnownFileType = sourcecode.swift; path = LandmarkList.swift; sourceTree = "<group>"; };
		8293F4F223CA212E006C1D17 /* charleyrivers.jpg */ = {isa = PBXFileReference; lastKnownFileType = image.jpeg; path = charleyrivers.jpg; sourceTree = "<group>"; };
		8293F4F423CA2319006C1D17 /* UserData.swift */ = {isa = PBXFileReference; lastKnownFileType = sourcecode.swift; path = UserData.swift; sourceTree = "<group>"; };
		82A9FD312415094F006AA806 /* Badge.swift */ = {isa = PBXFileReference; lastKnownFileType = sourcecode.swift; path = Badge.swift; sourceTree = "<group>"; };
		82A9FD332415098D006AA806 /* HexagonParameters.swift */ = {isa = PBXFileReference; lastKnownFileType = sourcecode.swift; path = HexagonParameters.swift; sourceTree = "<group>"; };
		82C85C1624274583000E5A31 /* ProfileHost.swift */ = {isa = PBXFileReference; lastKnownFileType = sourcecode.swift; path = ProfileHost.swift; sourceTree = "<group>"; };
		82C85C1824274674000E5A31 /* Profile.swift */ = {isa = PBXFileReference; lastKnownFileType = sourcecode.swift; path = Profile.swift; sourceTree = "<group>"; };
		82C85C1A242746FC000E5A31 /* ProfileSummary.swift */ = {isa = PBXFileReference; lastKnownFileType = sourcecode.swift; path = ProfileSummary.swift; sourceTree = "<group>"; };
		82C85C1C2427497A000E5A31 /* HikeBadge.swift */ = {isa = PBXFileReference; lastKnownFileType = sourcecode.swift; path = HikeBadge.swift; sourceTree = "<group>"; };
		82C85C1E24274F54000E5A31 /* ProfileEditor.swift */ = {isa = PBXFileReference; lastKnownFileType = sourcecode.swift; path = ProfileEditor.swift; sourceTree = "<group>"; };
/* End PBXFileReference section */

/* Begin PBXFrameworksBuildPhase section */
		824B69FE24376CD6009EF0FB /* Frameworks */ = {
			isa = PBXFrameworksBuildPhase;
			buildActionMask = 2147483647;
			files = (
			);
			runOnlyForDeploymentPostprocessing = 0;
		};
		8287F8642435E6AC004D5600 /* Frameworks */ = {
			isa = PBXFrameworksBuildPhase;
			buildActionMask = 2147483647;
			files = (
			);
			runOnlyForDeploymentPostprocessing = 0;
		};
		8293F4AD23C9F1C4006C1D17 /* Frameworks */ = {
			isa = PBXFrameworksBuildPhase;
			buildActionMask = 2147483647;
			files = (
			);
			runOnlyForDeploymentPostprocessing = 0;
		};
/* End PBXFrameworksBuildPhase section */

/* Begin PBXGroup section */
		823695CE24306C85005CBF9A /* Hike */ = {
			isa = PBXGroup;
			children = (
				8266A06824167A4600D3C682 /* HikeView.swift */,
				8266A06E24167B6500D3C682 /* HikeGraph.swift */,
				8266A07024167D0800D3C682 /* HikeDetail.swift */,
				8266A072241680B900D3C682 /* GraphCapsule.swift */,
			);
			path = Hike;
			sourceTree = "<group>";
		};
		823695CF24306C8B005CBF9A /* Home */ = {
			isa = PBXGroup;
			children = (
				8224820B2423BF7800CD749B /* CategoryRow.swift */,
				822482092423BD4400CD749B /* Home.swift */,
				823695D124306D96005CBF9A /* PageViewController.swift */,
				823695D3243070DC005CBF9A /* PageView.swift */,
				823695D724307C51005CBF9A /* PageControl.swift */,
			);
			path = Home;
			sourceTree = "<group>";
		};
		823695D024306C92005CBF9A /* LandmarkViews */ = {
			isa = PBXGroup;
			children = (
				8293F4EF23C9FDD7006C1D17 /* LandmarkList.swift */,
				8293F4CF23C9F288006C1D17 /* LandmarkRow.swift */,
				8293F4B723C9F1C4006C1D17 /* LandmarkDetail.swift */,
			);
			path = LandmarkViews;
			sourceTree = "<group>";
		};
		824B6A0224376CD6009EF0FB /* MacLandmarks */ = {
			isa = PBXGroup;
			children = (
				824B6A0324376CD6009EF0FB /* AppDelegate.swift */,
				824B6A2E24377C8B009EF0FB /* NavigationMaster.swift */,
				824B6A0524376CD6009EF0FB /* ContentView.swift */,
				824B6A0724376CD7009EF0FB /* Assets.xcassets */,
				824B6A2A24377922009EF0FB /* LandmarkList.swift */,
				824B6A0C24376CD7009EF0FB /* Main.storyboard */,
				824B6A0F24376CD7009EF0FB /* Info.plist */,
				824B6A1024376CD7009EF0FB /* MacLandmarks.entitlements */,
				824B6A0924376CD7009EF0FB /* Preview Content */,
				824B6A2824376D4E009EF0FB /* LandmarkRow.swift */,
				824B6A2C243779E3009EF0FB /* Filter.swift */,
				824B6A3224377EAB009EF0FB /* NavigationDetail.swift */,
			);
			path = MacLandmarks;
			sourceTree = "<group>";
		};
		824B6A0924376CD7009EF0FB /* Preview Content */ = {
			isa = PBXGroup;
			children = (
				824B6A0A24376CD7009EF0FB /* Preview Assets.xcassets */,
			);
			path = "Preview Content";
			sourceTree = "<group>";
		};
		8287F85C2435E6A8004D5600 /* WatchLandmark */ = {
			isa = PBXGroup;
			children = (
				8287F85D2435E6A8004D5600 /* Interface.storyboard */,
				8287F8602435E6AC004D5600 /* Assets.xcassets */,
				8287F8622435E6AC004D5600 /* Info.plist */,
			);
			path = WatchLandmark;
			sourceTree = "<group>";
		};
		8287F86B2435E6AC004D5600 /* WatchLandmark Extension */ = {
			isa = PBXGroup;
			children = (
				8287F86C2435E6AC004D5600 /* ContentView.swift */,
				8287F86E2435E6AC004D5600 /* HostingController.swift */,
				8287F8702435E6AC004D5600 /* ExtensionDelegate.swift */,
				8287F8722435E6AC004D5600 /* NotificationController.swift */,
				8287F8742435E6AC004D5600 /* NotificationView.swift */,
				8287F8882435E885004D5600 /* WatchLandmarkDetail.swift */,
				8287F8762435E6AC004D5600 /* Assets.xcassets */,
				8287F87B2435E6AC004D5600 /* Info.plist */,
				8287F87C2435E6AC004D5600 /* PushNotificationPayload.apns */,
				8287F8782435E6AC004D5600 /* Preview Content */,
				8287F8A12435EAF9004D5600 /* WatchMapView.swift */,
			);
			path = "WatchLandmark Extension";
			sourceTree = "<group>";
		};
		8287F8782435E6AC004D5600 /* Preview Content */ = {
			isa = PBXGroup;
			children = (
				8287F8792435E6AC004D5600 /* Preview Assets.xcassets */,
			);
			path = "Preview Content";
			sourceTree = "<group>";
		};
		8293F4A723C9F1C4006C1D17 = {
			isa = PBXGroup;
			children = (
				8293F4B223C9F1C4006C1D17 /* Tutorials */,
				8287F85C2435E6A8004D5600 /* WatchLandmark */,
				8287F86B2435E6AC004D5600 /* WatchLandmark Extension */,
				824B6A0224376CD6009EF0FB /* MacLandmarks */,
				8293F4B123C9F1C4006C1D17 /* Products */,
			);
			sourceTree = "<group>";
		};
		8293F4B123C9F1C4006C1D17 /* Products */ = {
			isa = PBXGroup;
			children = (
				8293F4B023C9F1C4006C1D17 /* Tutorials.app */,
				8287F85B2435E6A8004D5600 /* WatchLandmark.app */,
				8287F8672435E6AC004D5600 /* WatchLandmark Extension.appex */,
				824B6A0124376CD6009EF0FB /* MacLandmarks.app */,
			);
			name = Products;
			sourceTree = "<group>";
		};
		8293F4B223C9F1C4006C1D17 /* Tutorials */ = {
			isa = PBXGroup;
			children = (
				8293F4B923C9F1C5006C1D17 /* Assets.xcassets */,
				8293F4C723C9F1E9006C1D17 /* Resources */,
				8293F4BB23C9F1C5006C1D17 /* Preview Content */,
				8293F4C823C9F1F4006C1D17 /* Delegates */,
				8293F4BE23C9F1C5006C1D17 /* LaunchScreen.storyboard */,
				8293F4C123C9F1C5006C1D17 /* Info.plist */,
				82A9FD3024150907006AA806 /* Supporting Views */,
				823695D024306C92005CBF9A /* LandmarkViews */,
				823695CF24306C8B005CBF9A /* Home */,
				823695CE24306C85005CBF9A /* Hike */,
				82C85C152427455D000E5A31 /* Profile */,
				8293F4C923C9F211006C1D17 /* Models */,
			);
			path = Tutorials;
			sourceTree = "<group>";
		};
		8293F4BB23C9F1C5006C1D17 /* Preview Content */ = {
			isa = PBXGroup;
			children = (
				8293F4BC23C9F1C5006C1D17 /* Preview Assets.xcassets */,
			);
			path = "Preview Content";
			sourceTree = "<group>";
		};
		8293F4C723C9F1E9006C1D17 /* Resources */ = {
			isa = PBXGroup;
			children = (
				8293F4E123C9F31F006C1D17 /* chilkoottrail.jpg */,
				8293F4DE23C9F31F006C1D17 /* chincoteague.jpg */,
				8293F4DF23C9F31F006C1D17 /* hiddenlake.jpg */,
				8293F4D523C9F31E006C1D17 /* icybay.jpg */,
				8293F4D823C9F31E006C1D17 /* lakemcdonald.jpg */,
				8266A06C24167B3200D3C682 /* hikeData.json */,
				8293F4DB23C9F31F006C1D17 /* landmarkData.json */,
				8293F4F223CA212E006C1D17 /* charleyrivers.jpg */,
				8293F4E023C9F31F006C1D17 /* rainbowlake.jpg */,
				8293F4DC23C9F31F006C1D17 /* silversalmoncreek.jpg */,
				8293F4DD23C9F31F006C1D17 /* stmarylake.jpg */,
				8293F4D923C9F31F006C1D17 /* turtlerock.jpg */,
				8293F4D723C9F31E006C1D17 /* twinlake.jpg */,
				8293F4D623C9F31E006C1D17 /* umbagog.jpg */,
				8293F4DA23C9F31F006C1D17 /* yukon_charleyrivers.jpg */,
			);
			path = Resources;
			sourceTree = "<group>";
		};
		8293F4C823C9F1F4006C1D17 /* Delegates */ = {
			isa = PBXGroup;
			children = (
				8293F4B323C9F1C4006C1D17 /* AppDelegate.swift */,
				8293F4B523C9F1C4006C1D17 /* SceneDelegate.swift */,
			);
			path = Delegates;
			sourceTree = "<group>";
		};
		8293F4C923C9F211006C1D17 /* Models */ = {
			isa = PBXGroup;
			children = (
				82A9FD332415098D006AA806 /* HexagonParameters.swift */,
				8293F4CB23C9F23B006C1D17 /* Data.swift */,
				8293F4CD23C9F25F006C1D17 /* Landmark.swift */,
				8293F4F423CA2319006C1D17 /* UserData.swift */,
				8266A06A24167A8900D3C682 /* Hike.swift */,
				82C85C1824274674000E5A31 /* Profile.swift */,
			);
			path = Models;
			sourceTree = "<group>";
		};
		82A9FD3024150907006AA806 /* Supporting Views */ = {
			isa = PBXGroup;
			children = (
				82A9FD312415094F006AA806 /* Badge.swift */,
				8254141324151B4E005C3453 /* BadgeBackground.swift */,
				8254141524151BA5005C3453 /* BadgeSymbol.swift */,
				8254141724151BBD005C3453 /* RotatedBadgeSymbol.swift */,
				82C85C1C2427497A000E5A31 /* HikeBadge.swift */,
				8293F4D123C9F2A9006C1D17 /* CircleImage.swift */,
				8293F4D323C9F2BA006C1D17 /* MapView.swift */,
				823695D52430739D005CBF9A /* FeatureCard.swift */,
			);
			path = "Supporting Views";
			sourceTree = "<group>";
		};
		82C85C152427455D000E5A31 /* Profile */ = {
			isa = PBXGroup;
			children = (
				82C85C1624274583000E5A31 /* ProfileHost.swift */,
				82C85C1A242746FC000E5A31 /* ProfileSummary.swift */,
				82C85C1E24274F54000E5A31 /* ProfileEditor.swift */,
			);
			path = Profile;
			sourceTree = "<group>";
		};
/* End PBXGroup section */

/* Begin PBXNativeTarget section */
		824B6A0024376CD6009EF0FB /* MacLandmarks */ = {
			isa = PBXNativeTarget;
			buildConfigurationList = 824B6A1324376CD7009EF0FB /* Build configuration list for PBXNativeTarget "MacLandmarks" */;
			buildPhases = (
				824B69FD24376CD6009EF0FB /* Sources */,
				824B69FE24376CD6009EF0FB /* Frameworks */,
				824B69FF24376CD6009EF0FB /* Resources */,
			);
			buildRules = (
			);
			dependencies = (
			);
			name = MacLandmarks;
			productName = MacLandmarks;
			productReference = 824B6A0124376CD6009EF0FB /* MacLandmarks.app */;
			productType = "com.apple.product-type.application";
		};
		8287F85A2435E6A8004D5600 /* WatchLandmark */ = {
			isa = PBXNativeTarget;
			buildConfigurationList = 8287F8872435E6AC004D5600 /* Build configuration list for PBXNativeTarget "WatchLandmark" */;
			buildPhases = (
				8287F8592435E6A8004D5600 /* Resources */,
				8287F8832435E6AC004D5600 /* Embed App Extensions */,
			);
			buildRules = (
			);
			dependencies = (
				8287F86A2435E6AC004D5600 /* PBXTargetDependency */,
			);
			name = WatchLandmark;
			productName = WatchLandmark;
			productReference = 8287F85B2435E6A8004D5600 /* WatchLandmark.app */;
			productType = "com.apple.product-type.application.watchapp2";
		};
		8287F8662435E6AC004D5600 /* WatchLandmark Extension */ = {
			isa = PBXNativeTarget;
			buildConfigurationList = 8287F8862435E6AC004D5600 /* Build configuration list for PBXNativeTarget "WatchLandmark Extension" */;
			buildPhases = (
				8287F8632435E6AC004D5600 /* Sources */,
				8287F8642435E6AC004D5600 /* Frameworks */,
				8287F8652435E6AC004D5600 /* Resources */,
			);
			buildRules = (
			);
			dependencies = (
			);
			name = "WatchLandmark Extension";
			productName = "WatchLandmark Extension";
			productReference = 8287F8672435E6AC004D5600 /* WatchLandmark Extension.appex */;
			productType = "com.apple.product-type.watchkit2-extension";
		};
		8293F4AF23C9F1C4006C1D17 /* Tutorials */ = {
			isa = PBXNativeTarget;
			buildConfigurationList = 8293F4C423C9F1C5006C1D17 /* Build configuration list for PBXNativeTarget "Tutorials" */;
			buildPhases = (
				8293F4AC23C9F1C4006C1D17 /* Sources */,
				8293F4AD23C9F1C4006C1D17 /* Frameworks */,
				8293F4AE23C9F1C4006C1D17 /* Resources */,
				8287F8802435E6AC004D5600 /* Embed Watch Content */,
			);
			buildRules = (
			);
			dependencies = (
				8287F87E2435E6AC004D5600 /* PBXTargetDependency */,
			);
			name = Tutorials;
			productName = Tutorials;
			productReference = 8293F4B023C9F1C4006C1D17 /* Tutorials.app */;
			productType = "com.apple.product-type.application";
		};
/* End PBXNativeTarget section */

/* Begin PBXProject section */
		8293F4A823C9F1C4006C1D17 /* Project object */ = {
			isa = PBXProject;
			attributes = {
				LastSwiftUpdateCheck = 1140;
				LastUpgradeCheck = 1130;
				ORGANIZATIONNAME = wimes;
				TargetAttributes = {
					824B6A0024376CD6009EF0FB = {
						CreatedOnToolsVersion = 11.4;
					};
					8287F85A2435E6A8004D5600 = {
						CreatedOnToolsVersion = 11.4;
					};
					8287F8662435E6AC004D5600 = {
						CreatedOnToolsVersion = 11.4;
					};
					8293F4AF23C9F1C4006C1D17 = {
						CreatedOnToolsVersion = 11.3;
					};
				};
			};
			buildConfigurationList = 8293F4AB23C9F1C4006C1D17 /* Build configuration list for PBXProject "Tutorials" */;
			compatibilityVersion = "Xcode 9.3";
			developmentRegion = en;
			hasScannedForEncodings = 0;
			knownRegions = (
				en,
				Base,
			);
			mainGroup = 8293F4A723C9F1C4006C1D17;
			productRefGroup = 8293F4B123C9F1C4006C1D17 /* Products */;
			projectDirPath = "";
			projectRoot = "";
			targets = (
				8293F4AF23C9F1C4006C1D17 /* Tutorials */,
				8287F85A2435E6A8004D5600 /* WatchLandmark */,
				8287F8662435E6AC004D5600 /* WatchLandmark Extension */,
				824B6A0024376CD6009EF0FB /* MacLandmarks */,
			);
		};
/* End PBXProject section */

/* Begin PBXResourcesBuildPhase section */
		824B69FF24376CD6009EF0FB /* Resources */ = {
			isa = PBXResourcesBuildPhase;
			buildActionMask = 2147483647;
			files = (
				824B6A1D24376D1A009EF0FB /* silversalmoncreek.jpg in Resources */,
				824B6A0E24376CD7009EF0FB /* Main.storyboard in Resources */,
				824B6A1C24376D1A009EF0FB /* rainbowlake.jpg in Resources */,
				824B6A1424376D1A009EF0FB /* chilkoottrail.jpg in Resources */,
				824B6A2224376D1A009EF0FB /* yukon_charleyrivers.jpg in Resources */,
				824B6A0B24376CD7009EF0FB /* Preview Assets.xcassets in Resources */,
				824B6A1A24376D1A009EF0FB /* landmarkData.json in Resources */,
				824B6A1E24376D1A009EF0FB /* stmarylake.jpg in Resources */,
				824B6A0824376CD7009EF0FB /* Assets.xcassets in Resources */,
				824B6A1924376D1A009EF0FB /* hikeData.json in Resources */,
				824B6A2124376D1A009EF0FB /* umbagog.jpg in Resources */,
				824B6A1624376D1A009EF0FB /* hiddenlake.jpg in Resources */,
				824B6A2024376D1A009EF0FB /* twinlake.jpg in Resources */,
				824B6A1B24376D1A009EF0FB /* charleyrivers.jpg in Resources */,
				824B6A1724376D1A009EF0FB /* icybay.jpg in Resources */,
				824B6A1824376D1A009EF0FB /* lakemcdonald.jpg in Resources */,
				824B6A1524376D1A009EF0FB /* chincoteague.jpg in Resources */,
				824B6A1F24376D1A009EF0FB /* turtlerock.jpg in Resources */,
			);
			runOnlyForDeploymentPostprocessing = 0;
		};
		8287F8592435E6A8004D5600 /* Resources */ = {
			isa = PBXResourcesBuildPhase;
			buildActionMask = 2147483647;
			files = (
				8287F8612435E6AC004D5600 /* Assets.xcassets in Resources */,
				8287F85F2435E6A8004D5600 /* Interface.storyboard in Resources */,
			);
			runOnlyForDeploymentPostprocessing = 0;
		};
		8287F8652435E6AC004D5600 /* Resources */ = {
			isa = PBXResourcesBuildPhase;
			buildActionMask = 2147483647;
			files = (
				8287F89B2435E999004D5600 /* silversalmoncreek.jpg in Resources */,
				8287F87A2435E6AC004D5600 /* Preview Assets.xcassets in Resources */,
				8287F89A2435E999004D5600 /* rainbowlake.jpg in Resources */,
				8287F8922435E999004D5600 /* chilkoottrail.jpg in Resources */,
				8287F8A02435E999004D5600 /* yukon_charleyrivers.jpg in Resources */,
				8287F8912435E983004D5600 /* Assets.xcassets in Resources */,
				8287F8982435E999004D5600 /* landmarkData.json in Resources */,
				8287F89C2435E999004D5600 /* stmarylake.jpg in Resources */,
				8287F8772435E6AC004D5600 /* Assets.xcassets in Resources */,
				8287F8972435E999004D5600 /* hikeData.json in Resources */,
				8287F89F2435E999004D5600 /* umbagog.jpg in Resources */,
				8287F8942435E999004D5600 /* hiddenlake.jpg in Resources */,
				8287F89E2435E999004D5600 /* twinlake.jpg in Resources */,
				8287F8992435E999004D5600 /* charleyrivers.jpg in Resources */,
				8287F8952435E999004D5600 /* icybay.jpg in Resources */,
				8287F8962435E999004D5600 /* lakemcdonald.jpg in Resources */,
				8287F8932435E999004D5600 /* chincoteague.jpg in Resources */,
				8287F89D2435E999004D5600 /* turtlerock.jpg in Resources */,
			);
			runOnlyForDeploymentPostprocessing = 0;
		};
		8293F4AE23C9F1C4006C1D17 /* Resources */ = {
			isa = PBXResourcesBuildPhase;
			buildActionMask = 2147483647;
			files = (
				8293F4E523C9F31F006C1D17 /* lakemcdonald.jpg in Resources */,
				8293F4ED23C9F31F006C1D17 /* rainbowlake.jpg in Resources */,
				8293F4E423C9F31F006C1D17 /* twinlake.jpg in Resources */,
				8293F4C023C9F1C5006C1D17 /* LaunchScreen.storyboard in Resources */,
				8266A06D24167B3200D3C682 /* hikeData.json in Resources */,
				8293F4E823C9F31F006C1D17 /* landmarkData.json in Resources */,
				8293F4BD23C9F1C5006C1D17 /* Preview Assets.xcassets in Resources */,
				8293F4EB23C9F31F006C1D17 /* chincoteague.jpg in Resources */,
				8293F4F323CA212F006C1D17 /* charleyrivers.jpg in Resources */,
				8293F4EC23C9F31F006C1D17 /* hiddenlake.jpg in Resources */,
				8293F4E723C9F31F006C1D17 /* yukon_charleyrivers.jpg in Resources */,
				8293F4EE23C9F31F006C1D17 /* chilkoottrail.jpg in Resources */,
				8293F4EA23C9F31F006C1D17 /* stmarylake.jpg in Resources */,
				8293F4E623C9F31F006C1D17 /* turtlerock.jpg in Resources */,
				8293F4E223C9F31F006C1D17 /* icybay.jpg in Resources */,
				8293F4E923C9F31F006C1D17 /* silversalmoncreek.jpg in Resources */,
				8293F4BA23C9F1C5006C1D17 /* Assets.xcassets in Resources */,
				8293F4E323C9F31F006C1D17 /* umbagog.jpg in Resources */,
			);
			runOnlyForDeploymentPostprocessing = 0;
		};
/* End PBXResourcesBuildPhase section */

/* Begin PBXSourcesBuildPhase section */
		824B69FD24376CD6009EF0FB /* Sources */ = {
			isa = PBXSourcesBuildPhase;
			buildActionMask = 2147483647;
			files = (
				824B6A3324377EAB009EF0FB /* NavigationDetail.swift in Sources */,
				824B6A2624376D1A009EF0FB /* Hike.swift in Sources */,
				824B6A2D243779E3009EF0FB /* Filter.swift in Sources */,
				824B6A0624376CD6009EF0FB /* ContentView.swift in Sources */,
				824B6A2324376D1A009EF0FB /* Data.swift in Sources */,
				824B6A3124377DA8009EF0FB /* MapView.swift in Sources */,
				824B6A2724376D1A009EF0FB /* Profile.swift in Sources */,
				824B6A3024377D7D009EF0FB /* CircleImage.swift in Sources */,
				824B6A2B24377922009EF0FB /* LandmarkList.swift in Sources */,
				824B6A0424376CD6009EF0FB /* AppDelegate.swift in Sources */,
				824B6A2524376D1A009EF0FB /* UserData.swift in Sources */,
				824B6A2924376D4E009EF0FB /* LandmarkRow.swift in Sources */,
				824B6A2F24377C8B009EF0FB /* NavigationMaster.swift in Sources */,
				824B6A2424376D1A009EF0FB /* Landmark.swift in Sources */,
			);
			runOnlyForDeploymentPostprocessing = 0;
		};
		8287F8632435E6AC004D5600 /* Sources */ = {
			isa = PBXSourcesBuildPhase;
			buildActionMask = 2147483647;
			files = (
				8287F86F2435E6AC004D5600 /* HostingController.swift in Sources */,
				8287F8A22435EAF9004D5600 /* WatchMapView.swift in Sources */,
				8287F86D2435E6AC004D5600 /* ContentView.swift in Sources */,
				8287F8892435E885004D5600 /* WatchLandmarkDetail.swift in Sources */,
				8287F8A32435EF01004D5600 /* LandmarkList.swift in Sources */,
				8287F8902435E944004D5600 /* Profile.swift in Sources */,
				8287F88A2435E944004D5600 /* CircleImage.swift in Sources */,
				8287F8732435E6AC004D5600 /* NotificationController.swift in Sources */,
				8287F88E2435E944004D5600 /* UserData.swift in Sources */,
				8287F88F2435E944004D5600 /* Hike.swift in Sources */,
				8287F8712435E6AC004D5600 /* ExtensionDelegate.swift in Sources */,
				8287F88B2435E944004D5600 /* LandmarkRow.swift in Sources */,
				8287F88C2435E944004D5600 /* Data.swift in Sources */,
				8287F8752435E6AC004D5600 /* NotificationView.swift in Sources */,
				8287F88D2435E944004D5600 /* Landmark.swift in Sources */,
			);
			runOnlyForDeploymentPostprocessing = 0;
		};
		8293F4AC23C9F1C4006C1D17 /* Sources */ = {
			isa = PBXSourcesBuildPhase;
			buildActionMask = 2147483647;
			files = (
				8224820C2423BF7800CD749B /* CategoryRow.swift in Sources */,
				82C85C1924274674000E5A31 /* Profile.swift in Sources */,
				8266A073241680B900D3C682 /* GraphCapsule.swift in Sources */,
				8266A06B24167A8900D3C682 /* Hike.swift in Sources */,
				823695D62430739D005CBF9A /* FeatureCard.swift in Sources */,
				82C85C1724274583000E5A31 /* ProfileHost.swift in Sources */,
				8266A06F24167B6500D3C682 /* HikeGraph.swift in Sources */,
				823695D4243070DC005CBF9A /* PageView.swift in Sources */,
				82A9FD342415098D006AA806 /* HexagonParameters.swift in Sources */,
				8293F4B423C9F1C4006C1D17 /* AppDelegate.swift in Sources */,
				8293F4D423C9F2BA006C1D17 /* MapView.swift in Sources */,
				82A9FD322415094F006AA806 /* Badge.swift in Sources */,
				8293F4B623C9F1C4006C1D17 /* SceneDelegate.swift in Sources */,
				8266A07124167D0800D3C682 /* HikeDetail.swift in Sources */,
				8266A06924167A4600D3C682 /* HikeView.swift in Sources */,
				8293F4D023C9F288006C1D17 /* LandmarkRow.swift in Sources */,
				8293F4F023C9FDD7006C1D17 /* LandmarkList.swift in Sources */,
				823695D224306D96005CBF9A /* PageViewController.swift in Sources */,
				8254141624151BA5005C3453 /* BadgeSymbol.swift in Sources */,
				82C85C1D2427497A000E5A31 /* HikeBadge.swift in Sources */,
				8224820A2423BD4400CD749B /* Home.swift in Sources */,
				8254141824151BBD005C3453 /* RotatedBadgeSymbol.swift in Sources */,
				8293F4D223C9F2A9006C1D17 /* CircleImage.swift in Sources */,
				8254141424151B4E005C3453 /* BadgeBackground.swift in Sources */,
				8293F4B823C9F1C4006C1D17 /* LandmarkDetail.swift in Sources */,
				8293F4CC23C9F23B006C1D17 /* Data.swift in Sources */,
				82C85C1B242746FC000E5A31 /* ProfileSummary.swift in Sources */,
				823695D824307C51005CBF9A /* PageControl.swift in Sources */,
				8293F4F523CA2319006C1D17 /* UserData.swift in Sources */,
				8293F4CE23C9F25F006C1D17 /* Landmark.swift in Sources */,
				82C85C1F24274F54000E5A31 /* ProfileEditor.swift in Sources */,
			);
			runOnlyForDeploymentPostprocessing = 0;
		};
/* End PBXSourcesBuildPhase section */

/* Begin PBXTargetDependency section */
		8287F86A2435E6AC004D5600 /* PBXTargetDependency */ = {
			isa = PBXTargetDependency;
			target = 8287F8662435E6AC004D5600 /* WatchLandmark Extension */;
			targetProxy = 8287F8692435E6AC004D5600 /* PBXContainerItemProxy */;
		};
		8287F87E2435E6AC004D5600 /* PBXTargetDependency */ = {
			isa = PBXTargetDependency;
			target = 8287F85A2435E6A8004D5600 /* WatchLandmark */;
			targetProxy = 8287F87D2435E6AC004D5600 /* PBXContainerItemProxy */;
		};
/* End PBXTargetDependency section */

/* Begin PBXVariantGroup section */
		824B6A0C24376CD7009EF0FB /* Main.storyboard */ = {
			isa = PBXVariantGroup;
			children = (
				824B6A0D24376CD7009EF0FB /* Base */,
			);
			name = Main.storyboard;
			sourceTree = "<group>";
		};
		8287F85D2435E6A8004D5600 /* Interface.storyboard */ = {
			isa = PBXVariantGroup;
			children = (
				8287F85E2435E6A8004D5600 /* Base */,
			);
			name = Interface.storyboard;
			sourceTree = "<group>";
		};
		8293F4BE23C9F1C5006C1D17 /* LaunchScreen.storyboard */ = {
			isa = PBXVariantGroup;
			children = (
				8293F4BF23C9F1C5006C1D17 /* Base */,
			);
			name = LaunchScreen.storyboard;
			sourceTree = "<group>";
		};
/* End PBXVariantGroup section */

/* Begin XCBuildConfiguration section */
		824B6A1124376CD7009EF0FB /* Debug */ = {
			isa = XCBuildConfiguration;
			buildSettings = {
				ASSETCATALOG_COMPILER_APPICON_NAME = AppIcon;
				CODE_SIGN_ENTITLEMENTS = MacLandmarks/MacLandmarks.entitlements;
				CODE_SIGN_STYLE = Automatic;
				COMBINE_HIDPI_IMAGES = YES;
				DEVELOPMENT_ASSET_PATHS = "\"MacLandmarks/Preview Content\"";
				DEVELOPMENT_TEAM = HBZLH8M85C;
				ENABLE_HARDENED_RUNTIME = YES;
				ENABLE_PREVIEWS = YES;
				INFOPLIST_FILE = MacLandmarks/Info.plist;
				LD_RUNPATH_SEARCH_PATHS = (
					"$(inherited)",
					"@executable_path/../Frameworks",
				);
				MACOSX_DEPLOYMENT_TARGET = 10.15;
				PRODUCT_BUNDLE_IDENTIFIER = com.wimes.MacLandmarks;
				PRODUCT_NAME = "$(TARGET_NAME)";
				SDKROOT = macosx;
				SWIFT_VERSION = 5.0;
			};
			name = Debug;
		};
		824B6A1224376CD7009EF0FB /* Release */ = {
			isa = XCBuildConfiguration;
			buildSettings = {
				ASSETCATALOG_COMPILER_APPICON_NAME = AppIcon;
				CODE_SIGN_ENTITLEMENTS = MacLandmarks/MacLandmarks.entitlements;
				CODE_SIGN_STYLE = Automatic;
				COMBINE_HIDPI_IMAGES = YES;
				DEVELOPMENT_ASSET_PATHS = "\"MacLandmarks/Preview Content\"";
				DEVELOPMENT_TEAM = HBZLH8M85C;
				ENABLE_HARDENED_RUNTIME = YES;
				ENABLE_PREVIEWS = YES;
				INFOPLIST_FILE = MacLandmarks/Info.plist;
				LD_RUNPATH_SEARCH_PATHS = (
					"$(inherited)",
					"@executable_path/../Frameworks",
				);
				MACOSX_DEPLOYMENT_TARGET = 10.15;
				PRODUCT_BUNDLE_IDENTIFIER = com.wimes.MacLandmarks;
				PRODUCT_NAME = "$(TARGET_NAME)";
				SDKROOT = macosx;
				SWIFT_VERSION = 5.0;
			};
			name = Release;
		};
		8287F8812435E6AC004D5600 /* Debug */ = {
			isa = XCBuildConfiguration;
			buildSettings = {
				ALWAYS_EMBED_SWIFT_STANDARD_LIBRARIES = YES;
				ASSETCATALOG_COMPILER_APPICON_NAME = AppIcon;
				CODE_SIGN_STYLE = Automatic;
				DEVELOPMENT_TEAM = HBZLH8M85C;
				IBSC_MODULE = WatchLandmark_Extension;
				INFOPLIST_FILE = WatchLandmark/Info.plist;
				PRODUCT_BUNDLE_IDENTIFIER = com.wimes.Tutorials.watchkitapp;
				PRODUCT_NAME = "$(TARGET_NAME)";
				SDKROOT = watchos;
				SKIP_INSTALL = YES;
				SWIFT_VERSION = 5.0;
				TARGETED_DEVICE_FAMILY = 4;
				WATCHOS_DEPLOYMENT_TARGET = 6.2;
			};
			name = Debug;
		};
		8287F8822435E6AC004D5600 /* Release */ = {
			isa = XCBuildConfiguration;
			buildSettings = {
				ALWAYS_EMBED_SWIFT_STANDARD_LIBRARIES = YES;
				ASSETCATALOG_COMPILER_APPICON_NAME = AppIcon;
				CODE_SIGN_STYLE = Automatic;
				DEVELOPMENT_TEAM = HBZLH8M85C;
				IBSC_MODULE = WatchLandmark_Extension;
				INFOPLIST_FILE = WatchLandmark/Info.plist;
				PRODUCT_BUNDLE_IDENTIFIER = com.wimes.Tutorials.watchkitapp;
				PRODUCT_NAME = "$(TARGET_NAME)";
				SDKROOT = watchos;
				SKIP_INSTALL = YES;
				SWIFT_VERSION = 5.0;
				TARGETED_DEVICE_FAMILY = 4;
				WATCHOS_DEPLOYMENT_TARGET = 6.2;
			};
			name = Release;
		};
		8287F8842435E6AC004D5600 /* Debug */ = {
			isa = XCBuildConfiguration;
			buildSettings = {
				ASSETCATALOG_COMPILER_COMPLICATION_NAME = Complication;
				CODE_SIGN_STYLE = Automatic;
				DEVELOPMENT_ASSET_PATHS = "\"WatchLandmark Extension/Preview Content\"";
				DEVELOPMENT_TEAM = HBZLH8M85C;
				ENABLE_PREVIEWS = YES;
				INFOPLIST_FILE = "WatchLandmark Extension/Info.plist";
				LD_RUNPATH_SEARCH_PATHS = (
					"$(inherited)",
					"@executable_path/Frameworks",
					"@executable_path/../../Frameworks",
				);
				PRODUCT_BUNDLE_IDENTIFIER = com.wimes.Tutorials.watchkitapp.watchkitextension;
				PRODUCT_NAME = "${TARGET_NAME}";
				SDKROOT = watchos;
				SKIP_INSTALL = YES;
				SWIFT_VERSION = 5.0;
				TARGETED_DEVICE_FAMILY = 4;
				WATCHOS_DEPLOYMENT_TARGET = 6.2;
			};
			name = Debug;
		};
		8287F8852435E6AC004D5600 /* Release */ = {
			isa = XCBuildConfiguration;
			buildSettings = {
				ASSETCATALOG_COMPILER_COMPLICATION_NAME = Complication;
				CODE_SIGN_STYLE = Automatic;
				DEVELOPMENT_ASSET_PATHS = "\"WatchLandmark Extension/Preview Content\"";
				DEVELOPMENT_TEAM = HBZLH8M85C;
				ENABLE_PREVIEWS = YES;
				INFOPLIST_FILE = "WatchLandmark Extension/Info.plist";
				LD_RUNPATH_SEARCH_PATHS = (
					"$(inherited)",
					"@executable_path/Frameworks",
					"@executable_path/../../Frameworks",
				);
				PRODUCT_BUNDLE_IDENTIFIER = com.wimes.Tutorials.watchkitapp.watchkitextension;
				PRODUCT_NAME = "${TARGET_NAME}";
				SDKROOT = watchos;
				SKIP_INSTALL = YES;
				SWIFT_VERSION = 5.0;
				TARGETED_DEVICE_FAMILY = 4;
				WATCHOS_DEPLOYMENT_TARGET = 6.2;
			};
			name = Release;
		};
		8293F4C223C9F1C5006C1D17 /* Debug */ = {
			isa = XCBuildConfiguration;
			buildSettings = {
				ALWAYS_SEARCH_USER_PATHS = NO;
				CLANG_ANALYZER_NONNULL = YES;
				CLANG_ANALYZER_NUMBER_OBJECT_CONVERSION = YES_AGGRESSIVE;
				CLANG_CXX_LANGUAGE_STANDARD = "gnu++14";
				CLANG_CXX_LIBRARY = "libc++";
				CLANG_ENABLE_MODULES = YES;
				CLANG_ENABLE_OBJC_ARC = YES;
				CLANG_ENABLE_OBJC_WEAK = YES;
				CLANG_WARN_BLOCK_CAPTURE_AUTORELEASING = YES;
				CLANG_WARN_BOOL_CONVERSION = YES;
				CLANG_WARN_COMMA = YES;
				CLANG_WARN_CONSTANT_CONVERSION = YES;
				CLANG_WARN_DEPRECATED_OBJC_IMPLEMENTATIONS = YES;
				CLANG_WARN_DIRECT_OBJC_ISA_USAGE = YES_ERROR;
				CLANG_WARN_DOCUMENTATION_COMMENTS = YES;
				CLANG_WARN_EMPTY_BODY = YES;
				CLANG_WARN_ENUM_CONVERSION = YES;
				CLANG_WARN_INFINITE_RECURSION = YES;
				CLANG_WARN_INT_CONVERSION = YES;
				CLANG_WARN_NON_LITERAL_NULL_CONVERSION = YES;
				CLANG_WARN_OBJC_IMPLICIT_RETAIN_SELF = YES;
				CLANG_WARN_OBJC_LITERAL_CONVERSION = YES;
				CLANG_WARN_OBJC_ROOT_CLASS = YES_ERROR;
				CLANG_WARN_RANGE_LOOP_ANALYSIS = YES;
				CLANG_WARN_STRICT_PROTOTYPES = YES;
				CLANG_WARN_SUSPICIOUS_MOVE = YES;
				CLANG_WARN_UNGUARDED_AVAILABILITY = YES_AGGRESSIVE;
				CLANG_WARN_UNREACHABLE_CODE = YES;
				CLANG_WARN__DUPLICATE_METHOD_MATCH = YES;
				COPY_PHASE_STRIP = NO;
				DEBUG_INFORMATION_FORMAT = dwarf;
				ENABLE_STRICT_OBJC_MSGSEND = YES;
				ENABLE_TESTABILITY = YES;
				GCC_C_LANGUAGE_STANDARD = gnu11;
				GCC_DYNAMIC_NO_PIC = NO;
				GCC_NO_COMMON_BLOCKS = YES;
				GCC_OPTIMIZATION_LEVEL = 0;
				GCC_PREPROCESSOR_DEFINITIONS = (
					"DEBUG=1",
					"$(inherited)",
				);
				GCC_WARN_64_TO_32_BIT_CONVERSION = YES;
				GCC_WARN_ABOUT_RETURN_TYPE = YES_ERROR;
				GCC_WARN_UNDECLARED_SELECTOR = YES;
				GCC_WARN_UNINITIALIZED_AUTOS = YES_AGGRESSIVE;
				GCC_WARN_UNUSED_FUNCTION = YES;
				GCC_WARN_UNUSED_VARIABLE = YES;
				IPHONEOS_DEPLOYMENT_TARGET = 13.2;
				MTL_ENABLE_DEBUG_INFO = INCLUDE_SOURCE;
				MTL_FAST_MATH = YES;
				ONLY_ACTIVE_ARCH = YES;
				SDKROOT = iphoneos;
				SWIFT_ACTIVE_COMPILATION_CONDITIONS = DEBUG;
				SWIFT_OPTIMIZATION_LEVEL = "-Onone";
			};
			name = Debug;
		};
		8293F4C323C9F1C5006C1D17 /* Release */ = {
			isa = XCBuildConfiguration;
			buildSettings = {
				ALWAYS_SEARCH_USER_PATHS = NO;
				CLANG_ANALYZER_NONNULL = YES;
				CLANG_ANALYZER_NUMBER_OBJECT_CONVERSION = YES_AGGRESSIVE;
				CLANG_CXX_LANGUAGE_STANDARD = "gnu++14";
				CLANG_CXX_LIBRARY = "libc++";
				CLANG_ENABLE_MODULES = YES;
				CLANG_ENABLE_OBJC_ARC = YES;
				CLANG_ENABLE_OBJC_WEAK = YES;
				CLANG_WARN_BLOCK_CAPTURE_AUTORELEASING = YES;
				CLANG_WARN_BOOL_CONVERSION = YES;
				CLANG_WARN_COMMA = YES;
				CLANG_WARN_CONSTANT_CONVERSION = YES;
				CLANG_WARN_DEPRECATED_OBJC_IMPLEMENTATIONS = YES;
				CLANG_WARN_DIRECT_OBJC_ISA_USAGE = YES_ERROR;
				CLANG_WARN_DOCUMENTATION_COMMENTS = YES;
				CLANG_WARN_EMPTY_BODY = YES;
				CLANG_WARN_ENUM_CONVERSION = YES;
				CLANG_WARN_INFINITE_RECURSION = YES;
				CLANG_WARN_INT_CONVERSION = YES;
				CLANG_WARN_NON_LITERAL_NULL_CONVERSION = YES;
				CLANG_WARN_OBJC_IMPLICIT_RETAIN_SELF = YES;
				CLANG_WARN_OBJC_LITERAL_CONVERSION = YES;
				CLANG_WARN_OBJC_ROOT_CLASS = YES_ERROR;
				CLANG_WARN_RANGE_LOOP_ANALYSIS = YES;
				CLANG_WARN_STRICT_PROTOTYPES = YES;
				CLANG_WARN_SUSPICIOUS_MOVE = YES;
				CLANG_WARN_UNGUARDED_AVAILABILITY = YES_AGGRESSIVE;
				CLANG_WARN_UNREACHABLE_CODE = YES;
				CLANG_WARN__DUPLICATE_METHOD_MATCH = YES;
				COPY_PHASE_STRIP = NO;
				DEBUG_INFORMATION_FORMAT = "dwarf-with-dsym";
				ENABLE_NS_ASSERTIONS = NO;
				ENABLE_STRICT_OBJC_MSGSEND = YES;
				GCC_C_LANGUAGE_STANDARD = gnu11;
				GCC_NO_COMMON_BLOCKS = YES;
				GCC_WARN_64_TO_32_BIT_CONVERSION = YES;
				GCC_WARN_ABOUT_RETURN_TYPE = YES_ERROR;
				GCC_WARN_UNDECLARED_SELECTOR = YES;
				GCC_WARN_UNINITIALIZED_AUTOS = YES_AGGRESSIVE;
				GCC_WARN_UNUSED_FUNCTION = YES;
				GCC_WARN_UNUSED_VARIABLE = YES;
				IPHONEOS_DEPLOYMENT_TARGET = 13.2;
				MTL_ENABLE_DEBUG_INFO = NO;
				MTL_FAST_MATH = YES;
				SDKROOT = iphoneos;
				SWIFT_COMPILATION_MODE = wholemodule;
				SWIFT_OPTIMIZATION_LEVEL = "-O";
				VALIDATE_PRODUCT = YES;
			};
			name = Release;
		};
		8293F4C523C9F1C5006C1D17 /* Debug */ = {
			isa = XCBuildConfiguration;
			buildSettings = {
				ASSETCATALOG_COMPILER_APPICON_NAME = AppIcon;
				CODE_SIGN_STYLE = Automatic;
				DEVELOPMENT_ASSET_PATHS = "\"Tutorials/Preview Content\"";
				DEVELOPMENT_TEAM = HBZLH8M85C;
				ENABLE_PREVIEWS = YES;
				INFOPLIST_FILE = Tutorials/Info.plist;
				IPHONEOS_DEPLOYMENT_TARGET = 13.2;
				LD_RUNPATH_SEARCH_PATHS = (
					"$(inherited)",
					"@executable_path/Frameworks",
				);
				PRODUCT_BUNDLE_IDENTIFIER = com.wimes.Tutorials;
				PRODUCT_NAME = "$(TARGET_NAME)";
				SWIFT_VERSION = 5.0;
				TARGETED_DEVICE_FAMILY = "1,2";
			};
			name = Debug;
		};
		8293F4C623C9F1C5006C1D17 /* Release */ = {
			isa = XCBuildConfiguration;
			buildSettings = {
				ASSETCATALOG_COMPILER_APPICON_NAME = AppIcon;
				CODE_SIGN_STYLE = Automatic;
				DEVELOPMENT_ASSET_PATHS = "\"Tutorials/Preview Content\"";
				DEVELOPMENT_TEAM = HBZLH8M85C;
				ENABLE_PREVIEWS = YES;
				INFOPLIST_FILE = Tutorials/Info.plist;
				IPHONEOS_DEPLOYMENT_TARGET = 13.2;
				LD_RUNPATH_SEARCH_PATHS = (
					"$(inherited)",
					"@executable_path/Frameworks",
				);
				PRODUCT_BUNDLE_IDENTIFIER = com.wimes.Tutorials;
				PRODUCT_NAME = "$(TARGET_NAME)";
				SWIFT_VERSION = 5.0;
				TARGETED_DEVICE_FAMILY = "1,2";
			};
			name = Release;
		};
/* End XCBuildConfiguration section */

/* Begin XCConfigurationList section */
		824B6A1324376CD7009EF0FB /* Build configuration list for PBXNativeTarget "MacLandmarks" */ = {
			isa = XCConfigurationList;
			buildConfigurations = (
				824B6A1124376CD7009EF0FB /* Debug */,
				824B6A1224376CD7009EF0FB /* Release */,
			);
			defaultConfigurationIsVisible = 0;
			defaultConfigurationName = Release;
		};
		8287F8862435E6AC004D5600 /* Build configuration list for PBXNativeTarget "WatchLandmark Extension" */ = {
			isa = XCConfigurationList;
			buildConfigurations = (
				8287F8842435E6AC004D5600 /* Debug */,
				8287F8852435E6AC004D5600 /* Release */,
			);
			defaultConfigurationIsVisible = 0;
			defaultConfigurationName = Release;
		};
		8287F8872435E6AC004D5600 /* Build configuration list for PBXNativeTarget "WatchLandmark" */ = {
			isa = XCConfigurationList;
			buildConfigurations = (
				8287F8812435E6AC004D5600 /* Debug */,
				8287F8822435E6AC004D5600 /* Release */,
			);
			defaultConfigurationIsVisible = 0;
			defaultConfigurationName = Release;
		};
		8293F4AB23C9F1C4006C1D17 /* Build configuration list for PBXProject "Tutorials" */ = {
			isa = XCConfigurationList;
			buildConfigurations = (
				8293F4C223C9F1C5006C1D17 /* Debug */,
				8293F4C323C9F1C5006C1D17 /* Release */,
			);
			defaultConfigurationIsVisible = 0;
			defaultConfigurationName = Release;
		};
		8293F4C423C9F1C5006C1D17 /* Build configuration list for PBXNativeTarget "Tutorials" */ = {
			isa = XCConfigurationList;
			buildConfigurations = (
				8293F4C523C9F1C5006C1D17 /* Debug */,
				8293F4C623C9F1C5006C1D17 /* Release */,
			);
			defaultConfigurationIsVisible = 0;
			defaultConfigurationName = Release;
		};
/* End XCConfigurationList section */
	};
	rootObject = 8293F4A823C9F1C4006C1D17 /* Project object */;
}
